// !$*UTF8*$!
{
	archiveVersion = 1;
	classes = {
	};
	objectVersion = 50;
	objects = {

/* Begin PBXBuildFile section */
		084F711D24F9978D001E1874 /* AppDelegate.swift in Sources */ = {isa = PBXBuildFile; fileRef = 084F711C24F9978D001E1874 /* AppDelegate.swift */; };
		084F711F24F9978D001E1874 /* SceneDelegate.swift in Sources */ = {isa = PBXBuildFile; fileRef = 084F711E24F9978D001E1874 /* SceneDelegate.swift */; };
		084F712124F9978D001E1874 /* ContentView.swift in Sources */ = {isa = PBXBuildFile; fileRef = 084F712024F9978D001E1874 /* ContentView.swift */; };
		084F712324F9978F001E1874 /* Assets.xcassets in Resources */ = {isa = PBXBuildFile; fileRef = 084F712224F9978F001E1874 /* Assets.xcassets */; };
		084F712624F9978F001E1874 /* Preview Assets.xcassets in Resources */ = {isa = PBXBuildFile; fileRef = 084F712524F9978F001E1874 /* Preview Assets.xcassets */; };
		084F712924F9978F001E1874 /* LaunchScreen.storyboard in Resources */ = {isa = PBXBuildFile; fileRef = 084F712724F9978F001E1874 /* LaunchScreen.storyboard */; };
		084F713724F99918001E1874 /* MapView.swift in Sources */ = {isa = PBXBuildFile; fileRef = 084F713624F99918001E1874 /* MapView.swift */; };
		084F713924F9994E001E1874 /* CircleImage.swift in Sources */ = {isa = PBXBuildFile; fileRef = 084F713824F9994E001E1874 /* CircleImage.swift */; };
/* End PBXBuildFile section */

/* Begin PBXFileReference section */
		084F711924F9978D001E1874 /* TurtleRock.app */ = {isa = PBXFileReference; explicitFileType = wrapper.application; includeInIndex = 0; path = TurtleRock.app; sourceTree = BUILT_PRODUCTS_DIR; };
		084F711C24F9978D001E1874 /* AppDelegate.swift */ = {isa = PBXFileReference; lastKnownFileType = sourcecode.swift; path = AppDelegate.swift; sourceTree = "<group>"; };
		084F711E24F9978D001E1874 /* SceneDelegate.swift */ = {isa = PBXFileReference; lastKnownFileType = sourcecode.swift; path = SceneDelegate.swift; sourceTree = "<group>"; };
		084F712024F9978D001E1874 /* ContentView.swift */ = {isa = PBXFileReference; lastKnownFileType = sourcecode.swift; path = ContentView.swift; sourceTree = "<group>"; };
		084F712224F9978F001E1874 /* Assets.xcassets */ = {isa = PBXFileReference; lastKnownFileType = folder.assetcatalog; path = Assets.xcassets; sourceTree = "<group>"; };
		084F712524F9978F001E1874 /* Preview Assets.xcassets */ = {isa = PBXFileReference; lastKnownFileType = folder.assetcatalog; path = "Preview Assets.xcassets"; sourceTree = "<group>"; };
		084F712824F9978F001E1874 /* Base */ = {isa = PBXFileReference; lastKnownFileType = file.storyboard; name = Base; path = Base.lproj/LaunchScreen.storyboard; sourceTree = "<group>"; };
		084F712A24F9978F001E1874 /* Info.plist */ = {isa = PBXFileReference; lastKnownFileType = text.plist.xml; path = Info.plist; sourceTree = "<group>"; };
		084F713624F99918001E1874 /* MapView.swift */ = {isa = PBXFileReference; lastKnownFileType = sourcecode.swift; path = MapView.swift; sourceTree = "<group>"; };
		084F713824F9994E001E1874 /* CircleImage.swift */ = {isa = PBXFileReference; lastKnownFileType = sourcecode.swift; path = CircleImage.swift; sourceTree = "<group>"; };
/* End PBXFileReference section */

/* Begin PBXFrameworksBuildPhase section */
		084F711624F9978D001E1874 /* Frameworks */ = {
			isa = PBXFrameworksBuildPhase;
			buildActionMask = 2147483647;
			files = (
			);
			runOnlyForDeploymentPostprocessing = 0;
		};
/* End PBXFrameworksBuildPhase section */

/* Begin PBXGroup section */
		084F711024F9978D001E1874 = {
			isa = PBXGroup;
			children = (
				084F711B24F9978D001E1874 /* TurtleRock */,
				084F711A24F9978D001E1874 /* Products */,
			);
			sourceTree = "<group>";
		};
		084F711A24F9978D001E1874 /* Products */ = {
			isa = PBXGroup;
			children = (
				084F711924F9978D001E1874 /* TurtleRock.app */,
			);
			name = Products;
			sourceTree = "<group>";
		};
		084F711B24F9978D001E1874 /* TurtleRock */ = {
			isa = PBXGroup;
			children = (
				084F713624F99918001E1874 /* MapView.swift */,
				084F711C24F9978D001E1874 /* AppDelegate.swift */,
				084F711E24F9978D001E1874 /* SceneDelegate.swift */,
				084F712024F9978D001E1874 /* ContentView.swift */,
				084F712224F9978F001E1874 /* Assets.xcassets */,
				084F712724F9978F001E1874 /* LaunchScreen.storyboard */,
				084F712A24F9978F001E1874 /* Info.plist */,
				084F712424F9978F001E1874 /* Preview Content */,
				084F713824F9994E001E1874 /* CircleImage.swift */,
			);
			path = TurtleRock;
			sourceTree = "<group>";
		};
		084F712424F9978F001E1874 /* Preview Content */ = {
			isa = PBXGroup;
			children = (
				084F712524F9978F001E1874 /* Preview Assets.xcassets */,
			);
			path = "Preview Content";
			sourceTree = "<group>";
		};
/* End PBXGroup section */

/* Begin PBXNativeTarget section */
		084F711824F9978D001E1874 /* TurtleRock */ = {
			isa = PBXNativeTarget;
			buildConfigurationList = 084F712D24F9978F001E1874 /* Build configuration list for PBXNativeTarget "TurtleRock" */;
			buildPhases = (
				084F711524F9978D001E1874 /* Sources */,
				084F711624F9978D001E1874 /* Frameworks */,
				084F711724F9978D001E1874 /* Resources */,
			);
			buildRules = (
			);
			dependencies = (
			);
			name = TurtleRock;
			productName = TurtleRock;
			productReference = 084F711924F9978D001E1874 /* TurtleRock.app */;
			productType = "com.apple.product-type.application";
		};
/* End PBXNativeTarget section */

/* Begin PBXProject section */
		084F711124F9978D001E1874 /* Project object */ = {
			isa = PBXProject;
			attributes = {
				LastSwiftUpdateCheck = 1160;
				LastUpgradeCheck = 1160;
				ORGANIZATIONNAME = "Dmytro Vasyliev";
				TargetAttributes = {
					084F711824F9978D001E1874 = {
						CreatedOnToolsVersion = 11.6;
					};
				};
			};
			buildConfigurationList = 084F711424F9978D001E1874 /* Build configuration list for PBXProject "TurtleRock" */;
			compatibilityVersion = "Xcode 9.3";
			developmentRegion = en;
			hasScannedForEncodings = 0;
			knownRegions = (
				en,
				Base,
			);
			mainGroup = 084F711024F9978D001E1874;
			productRefGroup = 084F711A24F9978D001E1874 /* Products */;
			projectDirPath = "";
			projectRoot = "";
			targets = (
				084F711824F9978D001E1874 /* TurtleRock */,
			);
		};
/* End PBXProject section */

/* Begin PBXResourcesBuildPhase section */
		084F711724F9978D001E1874 /* Resources */ = {
			isa = PBXResourcesBuildPhase;
			buildActionMask = 2147483647;
			files = (
				084F712924F9978F001E1874 /* LaunchScreen.storyboard in Resources */,
				084F712624F9978F001E1874 /* Preview Assets.xcassets in Resources */,
				084F712324F9978F001E1874 /* Assets.xcassets in Resources */,
			);
			runOnlyForDeploymentPostprocessing = 0;
		};
/* End PBXResourcesBuildPhase section */

/* Begin PBXSourcesBuildPhase section */
		084F711524F9978D001E1874 /* Sources */ = {
			isa = PBXSourcesBuildPhase;
			buildActionMask = 2147483647;
			files = (
				084F711D24F9978D001E1874 /* AppDelegate.swift in Sources */,
				084F713724F99918001E1874 /* MapView.swift in Sources */,
				084F711F24F9978D001E1874 /* SceneDelegate.swift in Sources */,
				084F712124F9978D001E1874 /* ContentView.swift in Sources */,
				084F713924F9994E001E1874 /* CircleImage.swift in Sources */,
			);
			runOnlyForDeploymentPostprocessing = 0;
		};
/* End PBXSourcesBuildPhase section */

/* Begin PBXVariantGroup section */
		084F712724F9978F001E1874 /* LaunchScreen.storyboard */ = {
			isa = PBXVariantGroup;
			children = (
				084F712824F9978F001E1874 /* Base */,
			);
			name = LaunchScreen.storyboard;
			sourceTree = "<group>";
		};
/* End PBXVariantGroup section */

/* Begin XCBuildConfiguration section */
		084F712B24F9978F001E1874 /* Debug */ = {
			isa = XCBuildConfiguration;
			buildSettings = {
				ALWAYS_SEARCH_USER_PATHS = NO;
				CLANG_ANALYZER_NONNULL = YES;
				CLANG_ANALYZER_NUMBER_OBJECT_CONVERSION = YES_AGGRESSIVE;
				CLANG_CXX_LANGUAGE_STANDARD = "gnu++14";
				CLANG_CXX_LIBRARY = "libc++";
				CLANG_ENABLE_MODULES = YES;
				CLANG_ENABLE_OBJC_ARC = YES;
				CLANG_ENABLE_OBJC_WEAK = YES;
				CLANG_WARN_BLOCK_CAPTURE_AUTORELEASING = YES;
				CLANG_WARN_BOOL_CONVERSION = YES;
				CLANG_WARN_COMMA = YES;
				CLANG_WARN_CONSTANT_CONVERSION = YES;
				CLANG_WARN_DEPRECATED_OBJC_IMPLEMENTATIONS = YES;
				CLANG_WARN_DIRECT_OBJC_ISA_USAGE = YES_ERROR;
				CLANG_WARN_DOCUMENTATION_COMMENTS = YES;
				CLANG_WARN_EMPTY_BODY = YES;
				CLANG_WARN_ENUM_CONVERSION = YES;
				CLANG_WARN_INFINITE_RECURSION = YES;
				CLANG_WARN_INT_CONVERSION = YES;
				CLANG_WARN_NON_LITERAL_NULL_CONVERSION = YES;
				CLANG_WARN_OBJC_IMPLICIT_RETAIN_SELF = YES;
				CLANG_WARN_OBJC_LITERAL_CONVERSION = YES;
				CLANG_WARN_OBJC_ROOT_CLASS = YES_ERROR;
				CLANG_WARN_RANGE_LOOP_ANALYSIS = YES;
				CLANG_WARN_STRICT_PROTOTYPES = YES;
				CLANG_WARN_SUSPICIOUS_MOVE = YES;
				CLANG_WARN_UNGUARDED_AVAILABILITY = YES_AGGRESSIVE;
				CLANG_WARN_UNREACHABLE_CODE = YES;
				CLANG_WARN__DUPLICATE_METHOD_MATCH = YES;
				COPY_PHASE_STRIP = NO;
				DEBUG_INFORMATION_FORMAT = dwarf;
				ENABLE_STRICT_OBJC_MSGSEND = YES;
				ENABLE_TESTABILITY = YES;
				GCC_C_LANGUAGE_STANDARD = gnu11;
				GCC_DYNAMIC_NO_PIC = NO;
				GCC_NO_COMMON_BLOCKS = YES;
				GCC_OPTIMIZATION_LEVEL = 0;
				GCC_PREPROCESSOR_DEFINITIONS = (
					"DEBUG=1",
					"$(inherited)",
				);
				GCC_WARN_64_TO_32_BIT_CONVERSION = YES;
				GCC_WARN_ABOUT_RETURN_TYPE = YES_ERROR;
				GCC_WARN_UNDECLARED_SELECTOR = YES;
				GCC_WARN_UNINITIALIZED_AUTOS = YES_AGGRESSIVE;
				GCC_WARN_UNUSED_FUNCTION = YES;
				GCC_WARN_UNUSED_VARIABLE = YES;
				IPHONEOS_DEPLOYMENT_TARGET = 13.6;
				MTL_ENABLE_DEBUG_INFO = INCLUDE_SOURCE;
				MTL_FAST_MATH = YES;
				ONLY_ACTIVE_ARCH = YES;
				SDKROOT = iphoneos;
				SWIFT_ACTIVE_COMPILATION_CONDITIONS = DEBUG;
				SWIFT_OPTIMIZATION_LEVEL = "-Onone";
			};
			name = Debug;
		};
		084F712C24F9978F001E1874 /* Release */ = {
			isa = XCBuildConfiguration;
			buildSettings = {
				ALWAYS_SEARCH_USER_PATHS = NO;
				CLANG_ANALYZER_NONNULL = YES;
				CLANG_ANALYZER_NUMBER_OBJECT_CONVERSION = YES_AGGRESSIVE;
				CLANG_CXX_LANGUAGE_STANDARD = "gnu++14";
				CLANG_CXX_LIBRARY = "libc++";
				CLANG_ENABLE_MODULES = YES;
				CLANG_ENABLE_OBJC_ARC = YES;
				CLANG_ENABLE_OBJC_WEAK = YES;
				CLANG_WARN_BLOCK_CAPTURE_AUTORELEASING = YES;
				CLANG_WARN_BOOL_CONVERSION = YES;
				CLANG_WARN_COMMA = YES;
				CLANG_WARN_CONSTANT_CONVERSION = YES;
				CLANG_WARN_DEPRECATED_OBJC_IMPLEMENTATIONS = YES;
				CLANG_WARN_DIRECT_OBJC_ISA_USAGE = YES_ERROR;
				CLANG_WARN_DOCUMENTATION_COMMENTS = YES;
				CLANG_WARN_EMPTY_BODY = YES;
				CLANG_WARN_ENUM_CONVERSION = YES;
				CLANG_WARN_INFINITE_RECURSION = YES;
				CLANG_WARN_INT_CONVERSION = YES;
				CLANG_WARN_NON_LITERAL_NULL_CONVERSION = YES;
				CLANG_WARN_OBJC_IMPLICIT_RETAIN_SELF = YES;
				CLANG_WARN_OBJC_LITERAL_CONVERSION = YES;
				CLANG_WARN_OBJC_ROOT_CLASS = YES_ERROR;
				CLANG_WARN_RANGE_LOOP_ANALYSIS = YES;
				CLANG_WARN_STRICT_PROTOTYPES = YES;
				CLANG_WARN_SUSPICIOUS_MOVE = YES;
				CLANG_WARN_UNGUARDED_AVAILABILITY = YES_AGGRESSIVE;
				CLANG_WARN_UNREACHABLE_CODE = YES;
				CLANG_WARN__DUPLICATE_METHOD_MATCH = YES;
				COPY_PHASE_STRIP = NO;
				DEBUG_INFORMATION_FORMAT = "dwarf-with-dsym";
				ENABLE_NS_ASSERTIONS = NO;
				ENABLE_STRICT_OBJC_MSGSEND = YES;
				GCC_C_LANGUAGE_STANDARD = gnu11;
				GCC_NO_COMMON_BLOCKS = YES;
				GCC_WARN_64_TO_32_BIT_CONVERSION = YES;
				GCC_WARN_ABOUT_RETURN_TYPE = YES_ERROR;
				GCC_WARN_UNDECLARED_SELECTOR = YES;
				GCC_WARN_UNINITIALIZED_AUTOS = YES_AGGRESSIVE;
				GCC_WARN_UNUSED_FUNCTION = YES;
				GCC_WARN_UNUSED_VARIABLE = YES;
				IPHONEOS_DEPLOYMENT_TARGET = 13.6;
				MTL_ENABLE_DEBUG_INFO = NO;
				MTL_FAST_MATH = YES;
				SDKROOT = iphoneos;
				SWIFT_COMPILATION_MODE = wholemodule;
				SWIFT_OPTIMIZATION_LEVEL = "-O";
				VALIDATE_PRODUCT = YES;
			};
			name = Release;
		};
		084F712E24F9978F001E1874 /* Debug */ = {
			isa = XCBuildConfiguration;
			buildSettings = {
				ASSETCATALOG_COMPILER_APPICON_NAME = AppIcon;
				CODE_SIGN_STYLE = Automatic;
				DEVELOPMENT_ASSET_PATHS = "\"TurtleRock/Preview Content\"";
				ENABLE_PREVIEWS = YES;
				INFOPLIST_FILE = TurtleRock/Info.plist;
				LD_RUNPATH_SEARCH_PATHS = (
					"$(inherited)",
					"@executable_path/Frameworks",
				);
				PRODUCT_BUNDLE_IDENTIFIER = DV.TurtleRock;
				PRODUCT_NAME = "$(TARGET_NAME)";
				SWIFT_VERSION = 5.0;
				TARGETED_DEVICE_FAMILY = "1,2";
			};
			name = Debug;
		};
		084F712F24F9978F001E1874 /* Release */ = {
			isa = XCBuildConfiguration;
			buildSettings = {
				ASSETCATALOG_COMPILER_APPICON_NAME = AppIcon;
				CODE_SIGN_STYLE = Automatic;
				DEVELOPMENT_ASSET_PATHS = "\"TurtleRock/Preview Content\"";
				ENABLE_PREVIEWS = YES;
				INFOPLIST_FILE = TurtleRock/Info.plist;
				LD_RUNPATH_SEARCH_PATHS = (
					"$(inherited)",
					"@executable_path/Frameworks",
				);
				PRODUCT_BUNDLE_IDENTIFIER = DV.TurtleRock;
				PRODUCT_NAME = "$(TARGET_NAME)";
				SWIFT_VERSION = 5.0;
				TARGETED_DEVICE_FAMILY = "1,2";
			};
			name = Release;
		};
/* End XCBuildConfiguration section */

/* Begin XCConfigurationList section */
		084F711424F9978D001E1874 /* Build configuration list for PBXProject "TurtleRock" */ = {
			isa = XCConfigurationList;
			buildConfigurations = (
				084F712B24F9978F001E1874 /* Debug */,
				084F712C24F9978F001E1874 /* Release */,
			);
			defaultConfigurationIsVisible = 0;
			defaultConfigurationName = Release;
		};
		084F712D24F9978F001E1874 /* Build configuration list for PBXNativeTarget "TurtleRock" */ = {
			isa = XCConfigurationList;
			buildConfigurations = (
				084F712E24F9978F001E1874 /* Debug */,
				084F712F24F9978F001E1874 /* Release */,
			);
			defaultConfigurationIsVisible = 0;
			defaultConfigurationName = Release;
		};
/* End XCConfigurationList section */
	};
	rootObject = 084F711124F9978D001E1874 /* Project object */;
}
